
Microsoft Visual Studio Solution File, Format Version 12.00
# Visual Studio 15
VisualStudioVersion = 15.0.27428.2015
MinimumVisualStudioVersion = 10.0.40219.1
Project("{9A19103F-16F7-4668-BE54-9A1E7A4F7556}") = "BlockCard", "BlockCard\BlockCard.csproj", "{D8F6F2C5-E36A-449D-96F8-2822DAB21B2F}"
EndProject
Project("{FAE04EC0-301F-11D3-BF4B-00C04F79EFBC}") = "BlockCardTest", "BlockCardTest\BlockCardTest.csproj", "{ACF58706-FB40-4C4F-8666-FEFF835163EB}"
EndProject
Project("{FAE04EC0-301F-11D3-BF4B-00C04F79EFBC}") = "Blockchain", "Blockchain\Blockchain.csproj", "{CA81B247-34F6-4CF2-B39C-7F60316A514D}"
EndProject
Global
	GlobalSection(SolutionConfigurationPlatforms) = preSolution
		Debug|Any CPU = Debug|Any CPU
		Release|Any CPU = Release|Any CPU
	EndGlobalSection
	GlobalSection(ProjectConfigurationPlatforms) = postSolution
		{D8F6F2C5-E36A-449D-96F8-2822DAB21B2F}.Debug|Any CPU.ActiveCfg = Debug|Any CPU
		{D8F6F2C5-E36A-449D-96F8-2822DAB21B2F}.Debug|Any CPU.Build.0 = Debug|Any CPU
		{D8F6F2C5-E36A-449D-96F8-2822DAB21B2F}.Release|Any CPU.ActiveCfg = Release|Any CPU
		{D8F6F2C5-E36A-449D-96F8-2822DAB21B2F}.Release|Any CPU.Build.0 = Release|Any CPU
		{ACF58706-FB40-4C4F-8666-FEFF835163EB}.Debug|Any CPU.ActiveCfg = Debug|Any CPU
		{ACF58706-FB40-4C4F-8666-FEFF835163EB}.Debug|Any CPU.Build.0 = Debug|Any CPU
		{ACF58706-FB40-4C4F-8666-FEFF835163EB}.Release|Any CPU.ActiveCfg = Release|Any CPU
		{ACF58706-FB40-4C4F-8666-FEFF835163EB}.Release|Any CPU.Build.0 = Release|Any CPU
		{CA81B247-34F6-4CF2-B39C-7F60316A514D}.Debug|Any CPU.ActiveCfg = Debug|Any CPU
		{CA81B247-34F6-4CF2-B39C-7F60316A514D}.Debug|Any CPU.Build.0 = Debug|Any CPU
		{CA81B247-34F6-4CF2-B39C-7F60316A514D}.Release|Any CPU.ActiveCfg = Release|Any CPU
		{CA81B247-34F6-4CF2-B39C-7F60316A514D}.Release|Any CPU.Build.0 = Release|Any CPU
	EndGlobalSection
	GlobalSection(SolutionProperties) = preSolution
		HideSolutionNode = FALSE
	EndGlobalSection
	GlobalSection(ExtensibilityGlobals) = postSolution
		SolutionGuid = {6C17CABF-5B48-4AD7-816B-A4E9F19030DC}
	EndGlobalSection
EndGlobal
